{
  "requires": true,
  "lockfileVersion": 1,
  "dependencies": {
    "angular-route": {
      "version": "1.6.8",
      "resolved": "https://registry.npmjs.org/angular-route/-/angular-route-1.6.8.tgz",
      "integrity": "sha512-6PlZVc9SRkzYdinL8urilbA/6RmbKdaGrgAKWo2XXgblOHLxguWcYcqYXPUdlMVbMYZuubI+OzTXMa2zol18AQ=="
    }
  }
}
